
Microsoft Visual Studio Solution File, Format Version 12.00
# Visual Studio Version 17
VisualStudioVersion = 17.8.34330.188
MinimumVisualStudioVersion = 10.0.40219.1
Project("{9A19103F-16F7-4668-BE54-9A1E7A4F7556}") = "Marvin.IDP", "Marvin.IDP\Marvin.IDP.csproj", "{14499996-94DC-460A-BB9F-57E79353B516}"
EndProject
Project("{9A19103F-16F7-4668-BE54-9A1E7A4F7556}") = "Marvin.API", "Marvin.API\Marvin.API.csproj", "{85A1D810-9EB0-4D0B-8374-DD9B7BFE4A7E}"
EndProject
Project("{9A19103F-16F7-4668-BE54-9A1E7A4F7556}") = "Marvin.Client", "Marvin.Client\Marvin.Client.csproj", "{140A6333-5941-4CE1-B4BF-1C519B5AFC0D}"
EndProject
Project("{9A19103F-16F7-4668-BE54-9A1E7A4F7556}") = "Marvin.Authorization", "Marvin.Authorization\Marvin.Authorization.csproj", "{9E0AA125-F89C-4408-83A4-009709B7C81A}"
EndProject
Project("{2150E333-8FDC-42A3-9474-1A3956D46DE8}") = "Duende", "Duende", "{BA1AC66F-DA3F-4FDE-A3C3-791179BB3995}"
EndProject
Project("{9A19103F-16F7-4668-BE54-9A1E7A4F7556}") = "CoffieShop.API", "CoffieShop.API\CoffieShop.API.csproj", "{9DF62A7D-AA6C-4B15-ACFA-A35A387282AB}"
EndProject
Project("{9A19103F-16F7-4668-BE54-9A1E7A4F7556}") = "CoffieShop.DataAccess", "CoffieShop.DataAccess\CoffieShop.DataAccess.csproj", "{98AFB91D-BB85-4135-BA09-13DC2EEEB3B5}"
EndProject
Project("{2150E333-8FDC-42A3-9474-1A3956D46DE8}") = "IdentityServerAspNetIdentity", "IdentityServerAspNetIdentity", "{4CB4C4D7-684D-4C98-922C-2079B27DDE44}"
EndProject
Project("{9A19103F-16F7-4668-BE54-9A1E7A4F7556}") = "Eltizam.Identity.Service", "Eltizam.Identity.Service\Eltizam.Identity.Service.csproj", "{B6617117-85B3-4BD7-8C1D-E62BF39F4126}"
EndProject
Project("{2150E333-8FDC-42A3-9474-1A3956D46DE8}") = "MessageBrocker", "MessageBrocker", "{0C780DC7-2D76-4550-9549-4DEAEEB7A9CE}"
EndProject
Project("{FAE04EC0-301F-11D3-BF4B-00C04F79EFBC}") = "Airlines.Api", "Airliines.Api\Airlines.Api.csproj", "{E9D89CCA-B1E0-4AA2-897E-A1369C62ABC6}"
EndProject
Project("{FAE04EC0-301F-11D3-BF4B-00C04F79EFBC}") = "Airlines.Reservation", "Airlines.Reservation\Airlines.Reservation.csproj", "{76552BBA-6F94-457E-8F74-37CD5D330FB3}"
EndProject
Global
	GlobalSection(SolutionConfigurationPlatforms) = preSolution
		Debug|Any CPU = Debug|Any CPU
		Release|Any CPU = Release|Any CPU
	EndGlobalSection
	GlobalSection(ProjectConfigurationPlatforms) = postSolution
		{14499996-94DC-460A-BB9F-57E79353B516}.Debug|Any CPU.ActiveCfg = Debug|Any CPU
		{14499996-94DC-460A-BB9F-57E79353B516}.Debug|Any CPU.Build.0 = Debug|Any CPU
		{14499996-94DC-460A-BB9F-57E79353B516}.Release|Any CPU.ActiveCfg = Release|Any CPU
		{14499996-94DC-460A-BB9F-57E79353B516}.Release|Any CPU.Build.0 = Release|Any CPU
		{85A1D810-9EB0-4D0B-8374-DD9B7BFE4A7E}.Debug|Any CPU.ActiveCfg = Debug|Any CPU
		{85A1D810-9EB0-4D0B-8374-DD9B7BFE4A7E}.Debug|Any CPU.Build.0 = Debug|Any CPU
		{85A1D810-9EB0-4D0B-8374-DD9B7BFE4A7E}.Release|Any CPU.ActiveCfg = Release|Any CPU
		{85A1D810-9EB0-4D0B-8374-DD9B7BFE4A7E}.Release|Any CPU.Build.0 = Release|Any CPU
		{140A6333-5941-4CE1-B4BF-1C519B5AFC0D}.Debug|Any CPU.ActiveCfg = Debug|Any CPU
		{140A6333-5941-4CE1-B4BF-1C519B5AFC0D}.Debug|Any CPU.Build.0 = Debug|Any CPU
		{140A6333-5941-4CE1-B4BF-1C519B5AFC0D}.Release|Any CPU.ActiveCfg = Release|Any CPU
		{140A6333-5941-4CE1-B4BF-1C519B5AFC0D}.Release|Any CPU.Build.0 = Release|Any CPU
		{9E0AA125-F89C-4408-83A4-009709B7C81A}.Debug|Any CPU.ActiveCfg = Debug|Any CPU
		{9E0AA125-F89C-4408-83A4-009709B7C81A}.Debug|Any CPU.Build.0 = Debug|Any CPU
		{9E0AA125-F89C-4408-83A4-009709B7C81A}.Release|Any CPU.ActiveCfg = Release|Any CPU
		{9E0AA125-F89C-4408-83A4-009709B7C81A}.Release|Any CPU.Build.0 = Release|Any CPU
		{9DF62A7D-AA6C-4B15-ACFA-A35A387282AB}.Debug|Any CPU.ActiveCfg = Debug|Any CPU
		{9DF62A7D-AA6C-4B15-ACFA-A35A387282AB}.Debug|Any CPU.Build.0 = Debug|Any CPU
		{9DF62A7D-AA6C-4B15-ACFA-A35A387282AB}.Release|Any CPU.ActiveCfg = Release|Any CPU
		{9DF62A7D-AA6C-4B15-ACFA-A35A387282AB}.Release|Any CPU.Build.0 = Release|Any CPU
		{98AFB91D-BB85-4135-BA09-13DC2EEEB3B5}.Debug|Any CPU.ActiveCfg = Debug|Any CPU
		{98AFB91D-BB85-4135-BA09-13DC2EEEB3B5}.Debug|Any CPU.Build.0 = Debug|Any CPU
		{98AFB91D-BB85-4135-BA09-13DC2EEEB3B5}.Release|Any CPU.ActiveCfg = Release|Any CPU
		{98AFB91D-BB85-4135-BA09-13DC2EEEB3B5}.Release|Any CPU.Build.0 = Release|Any CPU
		{B6617117-85B3-4BD7-8C1D-E62BF39F4126}.Debug|Any CPU.ActiveCfg = Debug|Any CPU
		{B6617117-85B3-4BD7-8C1D-E62BF39F4126}.Debug|Any CPU.Build.0 = Debug|Any CPU
		{B6617117-85B3-4BD7-8C1D-E62BF39F4126}.Release|Any CPU.ActiveCfg = Release|Any CPU
		{B6617117-85B3-4BD7-8C1D-E62BF39F4126}.Release|Any CPU.Build.0 = Release|Any CPU
		{E9D89CCA-B1E0-4AA2-897E-A1369C62ABC6}.Debug|Any CPU.ActiveCfg = Debug|Any CPU
		{E9D89CCA-B1E0-4AA2-897E-A1369C62ABC6}.Debug|Any CPU.Build.0 = Debug|Any CPU
		{E9D89CCA-B1E0-4AA2-897E-A1369C62ABC6}.Release|Any CPU.ActiveCfg = Release|Any CPU
		{E9D89CCA-B1E0-4AA2-897E-A1369C62ABC6}.Release|Any CPU.Build.0 = Release|Any CPU
		{76552BBA-6F94-457E-8F74-37CD5D330FB3}.Debug|Any CPU.ActiveCfg = Debug|Any CPU
		{76552BBA-6F94-457E-8F74-37CD5D330FB3}.Debug|Any CPU.Build.0 = Debug|Any CPU
		{76552BBA-6F94-457E-8F74-37CD5D330FB3}.Release|Any CPU.ActiveCfg = Release|Any CPU
		{76552BBA-6F94-457E-8F74-37CD5D330FB3}.Release|Any CPU.Build.0 = Release|Any CPU
	EndGlobalSection
	GlobalSection(SolutionProperties) = preSolution
		HideSolutionNode = FALSE
	EndGlobalSection
	GlobalSection(NestedProjects) = preSolution
		{14499996-94DC-460A-BB9F-57E79353B516} = {BA1AC66F-DA3F-4FDE-A3C3-791179BB3995}
		{85A1D810-9EB0-4D0B-8374-DD9B7BFE4A7E} = {BA1AC66F-DA3F-4FDE-A3C3-791179BB3995}
		{140A6333-5941-4CE1-B4BF-1C519B5AFC0D} = {BA1AC66F-DA3F-4FDE-A3C3-791179BB3995}
		{9E0AA125-F89C-4408-83A4-009709B7C81A} = {BA1AC66F-DA3F-4FDE-A3C3-791179BB3995}
		{9DF62A7D-AA6C-4B15-ACFA-A35A387282AB} = {4CB4C4D7-684D-4C98-922C-2079B27DDE44}
		{98AFB91D-BB85-4135-BA09-13DC2EEEB3B5} = {4CB4C4D7-684D-4C98-922C-2079B27DDE44}
		{B6617117-85B3-4BD7-8C1D-E62BF39F4126} = {4CB4C4D7-684D-4C98-922C-2079B27DDE44}
		{E9D89CCA-B1E0-4AA2-897E-A1369C62ABC6} = {0C780DC7-2D76-4550-9549-4DEAEEB7A9CE}
		{76552BBA-6F94-457E-8F74-37CD5D330FB3} = {0C780DC7-2D76-4550-9549-4DEAEEB7A9CE}
	EndGlobalSection
	GlobalSection(ExtensibilityGlobals) = postSolution
		SolutionGuid = {CFB3A1A6-3487-44CF-BFA0-A2E9F3BC93D5}
	EndGlobalSection
EndGlobal
